
Microsoft Visual Studio Solution File, Format Version 12.00
# Visual Studio 15
VisualStudioVersion = 15.0.26430.6
MinimumVisualStudioVersion = 10.0.40219.1
Project("{2150E333-8FDC-42A3-9474-1A3956D46DE8}") = "src", "src", "{F97B4D57-E31E-48C3-A3E7-817CD7E6A41E}"
EndProject
Project("{2150E333-8FDC-42A3-9474-1A3956D46DE8}") = "scripts", "scripts", "{B31A52F9-B7EC-4D28-A12F-969935AED84C}"
EndProject
Project("{2150E333-8FDC-42A3-9474-1A3956D46DE8}") = "tests", "tests", "{E012EBBB-143C-44CD-9593-8C08C726E22E}"
EndProject
Project("{FAE04EC0-301F-11D3-BF4B-00C04F79EFBC}") = "Actio.Api", "Actio.Api\Actio.Api.csproj", "{FC08D66E-A0ED-4752-9D1A-05FBA10C38CE}"
EndProject
Project("{FAE04EC0-301F-11D3-BF4B-00C04F79EFBC}") = "Actio.Common", "Actio.Common\Actio.Common.csproj", "{34A06AB7-C986-45F8-8187-E49640037469}"
EndProject
Project("{FAE04EC0-301F-11D3-BF4B-00C04F79EFBC}") = "Actio.Services.Identity", "Actio.Services.Identity\Actio.Services.Identity.csproj", "{0A1873E0-F06F-4697-84D0-B003E2CC2AA5}"
EndProject
Project("{FAE04EC0-301F-11D3-BF4B-00C04F79EFBC}") = "Actio.Services.Activites", "Actio.Services.Activites\Actio.Services.Activites.csproj", "{1F21B6F9-6645-4C21-9C49-F03CBBFF9C9E}"
EndProject
Project("{2150E333-8FDC-42A3-9474-1A3956D46DE8}") = "Architecture", "Architecture", "{E1F2616E-7EAC-4509-8419-F3981ED624C0}"
	ProjectSection(SolutionItems) = preProject
		Architecture.png = Architecture.png
	EndProjectSection
EndProject
Global
	GlobalSection(SolutionConfigurationPlatforms) = preSolution
		Debug|Any CPU = Debug|Any CPU
		Release|Any CPU = Release|Any CPU
	EndGlobalSection
	GlobalSection(ProjectConfigurationPlatforms) = postSolution
		{FC08D66E-A0ED-4752-9D1A-05FBA10C38CE}.Debug|Any CPU.ActiveCfg = Debug|Any CPU
		{FC08D66E-A0ED-4752-9D1A-05FBA10C38CE}.Debug|Any CPU.Build.0 = Debug|Any CPU
		{FC08D66E-A0ED-4752-9D1A-05FBA10C38CE}.Release|Any CPU.ActiveCfg = Release|Any CPU
		{FC08D66E-A0ED-4752-9D1A-05FBA10C38CE}.Release|Any CPU.Build.0 = Release|Any CPU
		{34A06AB7-C986-45F8-8187-E49640037469}.Debug|Any CPU.ActiveCfg = Debug|Any CPU
		{34A06AB7-C986-45F8-8187-E49640037469}.Debug|Any CPU.Build.0 = Debug|Any CPU
		{34A06AB7-C986-45F8-8187-E49640037469}.Release|Any CPU.ActiveCfg = Release|Any CPU
		{34A06AB7-C986-45F8-8187-E49640037469}.Release|Any CPU.Build.0 = Release|Any CPU
		{0A1873E0-F06F-4697-84D0-B003E2CC2AA5}.Debug|Any CPU.ActiveCfg = Debug|Any CPU
		{0A1873E0-F06F-4697-84D0-B003E2CC2AA5}.Debug|Any CPU.Build.0 = Debug|Any CPU
		{0A1873E0-F06F-4697-84D0-B003E2CC2AA5}.Release|Any CPU.ActiveCfg = Release|Any CPU
		{0A1873E0-F06F-4697-84D0-B003E2CC2AA5}.Release|Any CPU.Build.0 = Release|Any CPU
		{1F21B6F9-6645-4C21-9C49-F03CBBFF9C9E}.Debug|Any CPU.ActiveCfg = Debug|Any CPU
		{1F21B6F9-6645-4C21-9C49-F03CBBFF9C9E}.Debug|Any CPU.Build.0 = Debug|Any CPU
		{1F21B6F9-6645-4C21-9C49-F03CBBFF9C9E}.Release|Any CPU.ActiveCfg = Release|Any CPU
		{1F21B6F9-6645-4C21-9C49-F03CBBFF9C9E}.Release|Any CPU.Build.0 = Release|Any CPU
	EndGlobalSection
	GlobalSection(SolutionProperties) = preSolution
		HideSolutionNode = FALSE
	EndGlobalSection
	GlobalSection(NestedProjects) = preSolution
		{FC08D66E-A0ED-4752-9D1A-05FBA10C38CE} = {F97B4D57-E31E-48C3-A3E7-817CD7E6A41E}
		{34A06AB7-C986-45F8-8187-E49640037469} = {F97B4D57-E31E-48C3-A3E7-817CD7E6A41E}
		{0A1873E0-F06F-4697-84D0-B003E2CC2AA5} = {F97B4D57-E31E-48C3-A3E7-817CD7E6A41E}
		{1F21B6F9-6645-4C21-9C49-F03CBBFF9C9E} = {F97B4D57-E31E-48C3-A3E7-817CD7E6A41E}
	EndGlobalSection
EndGlobal
